# This file is automatically @generated by Cargo.
# It is not intended for manual editing.
version = 3

[[package]]
name = "sagitario"
version = "0.1.0"
dependencies = [
 "sagitario-debugger",
 "sagitario-lexer",
]

[[package]]
name = "sagitario-debugger"
version = "0.1.0"

[[package]]
name = "sagitario-lexer"
version = "0.1.0"
